
Microsoft Visual Studio Solution File, Format Version 12.00
# Visual Studio Version 17
VisualStudioVersion = 17.5.002.0
MinimumVisualStudioVersion = 10.0.40219.1
Project("{9A19103F-16F7-4668-BE54-9A1E7A4F7556}") = "Practica02", "Practica02.csproj", "{527A07AA-ACA9-43EB-9B15-57F05D515242}"
EndProject
Global
	GlobalSection(SolutionConfigurationPlatforms) = preSolution
		Debug|Any CPU = Debug|Any CPU
		Release|Any CPU = Release|Any CPU
	EndGlobalSection
	GlobalSection(ProjectConfigurationPlatforms) = postSolution
		{527A07AA-ACA9-43EB-9B15-57F05D515242}.Debug|Any CPU.ActiveCfg = Debug|Any CPU
		{527A07AA-ACA9-43EB-9B15-57F05D515242}.Debug|Any CPU.Build.0 = Debug|Any CPU
		{527A07AA-ACA9-43EB-9B15-57F05D515242}.Release|Any CPU.ActiveCfg = Release|Any CPU
		{527A07AA-ACA9-43EB-9B15-57F05D515242}.Release|Any CPU.Build.0 = Release|Any CPU
	EndGlobalSection
	GlobalSection(SolutionProperties) = preSolution
		HideSolutionNode = FALSE
	EndGlobalSection
	GlobalSection(ExtensibilityGlobals) = postSolution
		SolutionGuid = {82E58B91-C3FF-448D-A1DC-EA88FACBD9CC}
	EndGlobalSection
EndGlobal
